
Microsoft Visual Studio Solution File, Format Version 12.00
# Visual Studio 11
Project("{FAE04EC0-301F-11D3-BF4B-00C04F79EFBC}") = "Car0Wpf", "Car0Wpf.csproj", "{07C830DC-8739-4870-89BA-8B0000B27BDB}"
EndProject
Global
	GlobalSection(SolutionConfigurationPlatforms) = preSolution
		Debug|Any CPU = Debug|Any CPU
		Release|Any CPU = Release|Any CPU
	EndGlobalSection
	GlobalSection(ProjectConfigurationPlatforms) = postSolution
		{07C830DC-8739-4870-89BA-8B0000B27BDB}.Debug|Any CPU.ActiveCfg = Debug|Any CPU
		{07C830DC-8739-4870-89BA-8B0000B27BDB}.Debug|Any CPU.Build.0 = Debug|Any CPU
		{07C830DC-8739-4870-89BA-8B0000B27BDB}.Release|Any CPU.ActiveCfg = Release|Any CPU
		{07C830DC-8739-4870-89BA-8B0000B27BDB}.Release|Any CPU.Build.0 = Release|Any CPU
	EndGlobalSection
	GlobalSection(SolutionProperties) = preSolution
		HideSolutionNode = FALSE
	EndGlobalSection
EndGlobal
